
Microsoft Visual Studio Solution File, Format Version 12.00
# Visual Studio Version 17
VisualStudioVersion = 17.7.34009.444
MinimumVisualStudioVersion = 10.0.40219.1
Project("{FAE04EC0-301F-11D3-BF4B-00C04F79EFBC}") = "MultiShop", "MultiShop\MultiShop.csproj", "{66043CC2-F87A-4578-AA4B-EE2E07E5F816}"
EndProject
Global
	GlobalSection(SolutionConfigurationPlatforms) = preSolution
		Debug|Any CPU = Debug|Any CPU
		Release|Any CPU = Release|Any CPU
	EndGlobalSection
	GlobalSection(ProjectConfigurationPlatforms) = postSolution
		{66043CC2-F87A-4578-AA4B-EE2E07E5F816}.Debug|Any CPU.ActiveCfg = Debug|Any CPU
		{66043CC2-F87A-4578-AA4B-EE2E07E5F816}.Debug|Any CPU.Build.0 = Debug|Any CPU
		{66043CC2-F87A-4578-AA4B-EE2E07E5F816}.Release|Any CPU.ActiveCfg = Release|Any CPU
		{66043CC2-F87A-4578-AA4B-EE2E07E5F816}.Release|Any CPU.Build.0 = Release|Any CPU
	EndGlobalSection
	GlobalSection(SolutionProperties) = preSolution
		HideSolutionNode = FALSE
	EndGlobalSection
	GlobalSection(ExtensibilityGlobals) = postSolution
		SolutionGuid = {BA0E1616-303C-46A6-BF07-D475F1FD20E7}
	EndGlobalSection
EndGlobal
